# This file is automatically @generated by Cargo.
# It is not intended for manual editing.
version = 4

[[package]]
name = "furnace"
version = "0.1.0"
dependencies = [
 "furnace-core",
 "furnace-io",
]

[[package]]
name = "furnace-core"
version = "0.1.0"

[[package]]
name = "furnace-io"
version = "0.1.0"
dependencies = [
 "furnace-core",
]
